
Microsoft Visual Studio Solution File, Format Version 12.00
# Visual Studio Version 17
VisualStudioVersion = 17.5.002.0
MinimumVisualStudioVersion = 10.0.40219.1
Project("{9A19103F-16F7-4668-BE54-9A1E7A4F7556}") = "SpyFallBackend", "SpyFallBackend.csproj", "{3A32410F-385B-46D7-BC5D-8A35285AB3DC}"
EndProject
Global
	GlobalSection(SolutionConfigurationPlatforms) = preSolution
		Debug|Any CPU = Debug|Any CPU
		Release|Any CPU = Release|Any CPU
	EndGlobalSection
	GlobalSection(ProjectConfigurationPlatforms) = postSolution
		{3A32410F-385B-46D7-BC5D-8A35285AB3DC}.Debug|Any CPU.ActiveCfg = Debug|Any CPU
		{3A32410F-385B-46D7-BC5D-8A35285AB3DC}.Debug|Any CPU.Build.0 = Debug|Any CPU
		{3A32410F-385B-46D7-BC5D-8A35285AB3DC}.Release|Any CPU.ActiveCfg = Release|Any CPU
		{3A32410F-385B-46D7-BC5D-8A35285AB3DC}.Release|Any CPU.Build.0 = Release|Any CPU
	EndGlobalSection
	GlobalSection(SolutionProperties) = preSolution
		HideSolutionNode = FALSE
	EndGlobalSection
	GlobalSection(ExtensibilityGlobals) = postSolution
		SolutionGuid = {0EE39C0D-27B3-467B-AEA3-59718771DC88}
	EndGlobalSection
EndGlobal
